
Microsoft Visual Studio Solution File, Format Version 12.00
# Visual Studio Version 17
VisualStudioVersion = 17.5.33424.131
MinimumVisualStudioVersion = 10.0.40219.1
Project("{9A19103F-16F7-4668-BE54-9A1E7A4F7556}") = "Customer.DataAccess", "Customer.DataAccess\Customer.DataAccess.csproj", "{4A647EC9-88AB-4BF8-B39D-0622A356D029}"
EndProject
Project("{9A19103F-16F7-4668-BE54-9A1E7A4F7556}") = "Customer.Entities", "Customer.Entities\Customer.Entities.csproj", "{2C155091-36FF-4123-87B5-8FE5CEFCB753}"
EndProject
Project("{9A19103F-16F7-4668-BE54-9A1E7A4F7556}") = "Common", "Common\Common.csproj", "{DCB64465-8214-4208-8B10-328785056986}"
EndProject
Project("{9A19103F-16F7-4668-BE54-9A1E7A4F7556}") = "Customer.Business", "Customer.Business\Customer.Business.csproj", "{319324D9-5CA5-4B75-9693-92ABB2C64A60}"
EndProject
Project("{FAE04EC0-301F-11D3-BF4B-00C04F79EFBC}") = "Customer.API", "Customer.API\Customer.API.csproj", "{05D7B070-8314-4D6F-A352-B5EE18FCEB17}"
EndProject
Global
	GlobalSection(SolutionConfigurationPlatforms) = preSolution
		Debug|Any CPU = Debug|Any CPU
		Release|Any CPU = Release|Any CPU
	EndGlobalSection
	GlobalSection(ProjectConfigurationPlatforms) = postSolution
		{4A647EC9-88AB-4BF8-B39D-0622A356D029}.Debug|Any CPU.ActiveCfg = Debug|Any CPU
		{4A647EC9-88AB-4BF8-B39D-0622A356D029}.Debug|Any CPU.Build.0 = Debug|Any CPU
		{4A647EC9-88AB-4BF8-B39D-0622A356D029}.Release|Any CPU.ActiveCfg = Release|Any CPU
		{4A647EC9-88AB-4BF8-B39D-0622A356D029}.Release|Any CPU.Build.0 = Release|Any CPU
		{2C155091-36FF-4123-87B5-8FE5CEFCB753}.Debug|Any CPU.ActiveCfg = Debug|Any CPU
		{2C155091-36FF-4123-87B5-8FE5CEFCB753}.Debug|Any CPU.Build.0 = Debug|Any CPU
		{2C155091-36FF-4123-87B5-8FE5CEFCB753}.Release|Any CPU.ActiveCfg = Release|Any CPU
		{2C155091-36FF-4123-87B5-8FE5CEFCB753}.Release|Any CPU.Build.0 = Release|Any CPU
		{DCB64465-8214-4208-8B10-328785056986}.Debug|Any CPU.ActiveCfg = Debug|Any CPU
		{DCB64465-8214-4208-8B10-328785056986}.Debug|Any CPU.Build.0 = Debug|Any CPU
		{DCB64465-8214-4208-8B10-328785056986}.Release|Any CPU.ActiveCfg = Release|Any CPU
		{DCB64465-8214-4208-8B10-328785056986}.Release|Any CPU.Build.0 = Release|Any CPU
		{319324D9-5CA5-4B75-9693-92ABB2C64A60}.Debug|Any CPU.ActiveCfg = Debug|Any CPU
		{319324D9-5CA5-4B75-9693-92ABB2C64A60}.Debug|Any CPU.Build.0 = Debug|Any CPU
		{319324D9-5CA5-4B75-9693-92ABB2C64A60}.Release|Any CPU.ActiveCfg = Release|Any CPU
		{319324D9-5CA5-4B75-9693-92ABB2C64A60}.Release|Any CPU.Build.0 = Release|Any CPU
		{05D7B070-8314-4D6F-A352-B5EE18FCEB17}.Debug|Any CPU.ActiveCfg = Debug|Any CPU
		{05D7B070-8314-4D6F-A352-B5EE18FCEB17}.Debug|Any CPU.Build.0 = Debug|Any CPU
		{05D7B070-8314-4D6F-A352-B5EE18FCEB17}.Release|Any CPU.ActiveCfg = Release|Any CPU
		{05D7B070-8314-4D6F-A352-B5EE18FCEB17}.Release|Any CPU.Build.0 = Release|Any CPU
	EndGlobalSection
	GlobalSection(SolutionProperties) = preSolution
		HideSolutionNode = FALSE
	EndGlobalSection
	GlobalSection(ExtensibilityGlobals) = postSolution
		SolutionGuid = {A87D914E-56CE-457F-94D5-0358481E4561}
	EndGlobalSection
EndGlobal
